
Microsoft Visual Studio Solution File, Format Version 12.00
# Visual Studio Version 17
VisualStudioVersion = 17.14.36603.0
MinimumVisualStudioVersion = 10.0.40219.1
Project("{2150E333-8FDC-42A3-9474-1A3956D46DE8}") = "src", "src", "{02EA681E-C7D8-13C7-8484-4AC65E1B71E8}"
EndProject
Project("{2150E333-8FDC-42A3-9474-1A3956D46DE8}") = "Common", "Common", "{F3776FF5-4430-4CF8-9ABB-5C9DECF21CD4}"
EndProject
Project("{2150E333-8FDC-42A3-9474-1A3956D46DE8}") = "Posts", "Posts", "{430232F7-4AD6-4482-8D3C-8D089DF75F81}"
EndProject
Project("{2150E333-8FDC-42A3-9474-1A3956D46DE8}") = "Modules", "Modules", "{466F5217-AAD3-4FE5-97F4-0DC557EB7F56}"
EndProject
Project("{FAE04EC0-301F-11D3-BF4B-00C04F79EFBC}") = "Common", "src\Common\Common.csproj", "{28C586A4-61F4-4382-B6E6-88B81A59AE07}"
EndProject
Project("{FAE04EC0-301F-11D3-BF4B-00C04F79EFBC}") = "Modules.Posts.Domain", "src\Modules\Posts\Modules.Posts.Domain\Modules.Posts.Domain.csproj", "{1E172455-A675-47E0-82DE-E0617420E1DE}"
EndProject
Project("{2150E333-8FDC-42A3-9474-1A3956D46DE8}") = "Comments", "Comments", "{84AA5287-6A8F-4E8E-B5D9-E5106575D53D}"
EndProject
Project("{FAE04EC0-301F-11D3-BF4B-00C04F79EFBC}") = "Modules.Comments.Domain", "src\Modules\Comments\Modules.Comments.Domain\Modules.Comments.Domain.csproj", "{41F2B048-E634-4A06-8EFC-910025E643BF}"
EndProject
Project("{FAE04EC0-301F-11D3-BF4B-00C04F79EFBC}") = "Modules.Posts.Infrastructure", "src\Modules\Posts\Modules.Posts.Infrastructure\Modules.Posts.Infrastructure.csproj", "{7F7B719E-8C60-4B0A-ABCB-3B5A63FC825A}"
EndProject
Project("{FAE04EC0-301F-11D3-BF4B-00C04F79EFBC}") = "Modules.Posts.Application", "src\Modules\Posts\Modules.Posts.Application\Modules.Posts.Application.csproj", "{E229776B-37BD-46E0-A4A5-4E8761FD5529}"
EndProject
Project("{2150E333-8FDC-42A3-9474-1A3956D46DE8}") = "Shared", "Shared", "{158FC0FD-887E-4868-B3B3-2941A47809B6}"
EndProject
Project("{FAE04EC0-301F-11D3-BF4B-00C04F79EFBC}") = "Shared", "src\Shared\Shared\Shared.csproj", "{82E60865-9E8D-4E23-BA57-877CA194D957}"
EndProject
Project("{FAE04EC0-301F-11D3-BF4B-00C04F79EFBC}") = "RedditClone.API", "src\RedditClone.API\RedditClone.API.csproj", "{6CE23749-DA91-48E5-ADF4-52E7BBD7E06F}"
EndProject
Project("{2150E333-8FDC-42A3-9474-1A3956D46DE8}") = "Contracts", "Contracts", "{FD6B7D3F-962F-4E71-ACA3-0FA4070BEF3F}"
EndProject
Project("{FAE04EC0-301F-11D3-BF4B-00C04F79EFBC}") = "Contracts", "src\Contracts\Contracts\Contracts.csproj", "{BE89074B-7155-47E9-A44E-CB571816487D}"
EndProject
Project("{E53339B2-1760-4266-BCC7-CA923CBCF16C}") = "docker-compose", "docker-compose.dcproj", "{81DDED9D-158B-E303-5F62-77A2896D2A5A}"
EndProject
Project("{2150E333-8FDC-42A3-9474-1A3956D46DE8}") = "Users", "Users", "{5B65CC1D-62B5-1318-311E-5B65F0ABBF8E}"
EndProject
Project("{FAE04EC0-301F-11D3-BF4B-00C04F79EFBC}") = "Modules.Users.Domain", "src\Modules\Users\Modules.Users.Domain\Modules.Users.Domain.csproj", "{8518A78C-0567-49BC-A462-7E6EE0768E23}"
EndProject
Project("{FAE04EC0-301F-11D3-BF4B-00C04F79EFBC}") = "Modules.Users.Infrastructure", "src\Modules\Users\Modules.Users.Infrastructure\Modules.Users.Infrastructure.csproj", "{9576B958-B7DD-41EA-960F-E6AF083F4E9A}"
EndProject
Project("{FAE04EC0-301F-11D3-BF4B-00C04F79EFBC}") = "Modules.Users.Application", "src\Modules\Users\Modules.Users.Application\Modules.Users.Application.csproj", "{D9AD5F3A-F1B1-4F3C-9F15-9C5AC8828CD2}"
EndProject
Global
	GlobalSection(SolutionConfigurationPlatforms) = preSolution
		Debug|Any CPU = Debug|Any CPU
		Debug|x64 = Debug|x64
		Debug|x86 = Debug|x86
		Release|Any CPU = Release|Any CPU
		Release|x64 = Release|x64
		Release|x86 = Release|x86
	EndGlobalSection
	GlobalSection(ProjectConfigurationPlatforms) = postSolution
		{28C586A4-61F4-4382-B6E6-88B81A59AE07}.Debug|Any CPU.ActiveCfg = Debug|Any CPU
		{28C586A4-61F4-4382-B6E6-88B81A59AE07}.Debug|Any CPU.Build.0 = Debug|Any CPU
		{28C586A4-61F4-4382-B6E6-88B81A59AE07}.Debug|x64.ActiveCfg = Debug|Any CPU
		{28C586A4-61F4-4382-B6E6-88B81A59AE07}.Debug|x64.Build.0 = Debug|Any CPU
		{28C586A4-61F4-4382-B6E6-88B81A59AE07}.Debug|x86.ActiveCfg = Debug|Any CPU
		{28C586A4-61F4-4382-B6E6-88B81A59AE07}.Debug|x86.Build.0 = Debug|Any CPU
		{28C586A4-61F4-4382-B6E6-88B81A59AE07}.Release|Any CPU.ActiveCfg = Release|Any CPU
		{28C586A4-61F4-4382-B6E6-88B81A59AE07}.Release|Any CPU.Build.0 = Release|Any CPU
		{28C586A4-61F4-4382-B6E6-88B81A59AE07}.Release|x64.ActiveCfg = Release|Any CPU
		{28C586A4-61F4-4382-B6E6-88B81A59AE07}.Release|x64.Build.0 = Release|Any CPU
		{28C586A4-61F4-4382-B6E6-88B81A59AE07}.Release|x86.ActiveCfg = Release|Any CPU
		{28C586A4-61F4-4382-B6E6-88B81A59AE07}.Release|x86.Build.0 = Release|Any CPU
		{1E172455-A675-47E0-82DE-E0617420E1DE}.Debug|Any CPU.ActiveCfg = Debug|Any CPU
		{1E172455-A675-47E0-82DE-E0617420E1DE}.Debug|Any CPU.Build.0 = Debug|Any CPU
		{1E172455-A675-47E0-82DE-E0617420E1DE}.Debug|x64.ActiveCfg = Debug|Any CPU
		{1E172455-A675-47E0-82DE-E0617420E1DE}.Debug|x64.Build.0 = Debug|Any CPU
		{1E172455-A675-47E0-82DE-E0617420E1DE}.Debug|x86.ActiveCfg = Debug|Any CPU
		{1E172455-A675-47E0-82DE-E0617420E1DE}.Debug|x86.Build.0 = Debug|Any CPU
		{1E172455-A675-47E0-82DE-E0617420E1DE}.Release|Any CPU.ActiveCfg = Release|Any CPU
		{1E172455-A675-47E0-82DE-E0617420E1DE}.Release|Any CPU.Build.0 = Release|Any CPU
		{1E172455-A675-47E0-82DE-E0617420E1DE}.Release|x64.ActiveCfg = Release|Any CPU
		{1E172455-A675-47E0-82DE-E0617420E1DE}.Release|x64.Build.0 = Release|Any CPU
		{1E172455-A675-47E0-82DE-E0617420E1DE}.Release|x86.ActiveCfg = Release|Any CPU
		{1E172455-A675-47E0-82DE-E0617420E1DE}.Release|x86.Build.0 = Release|Any CPU
		{41F2B048-E634-4A06-8EFC-910025E643BF}.Debug|Any CPU.ActiveCfg = Debug|Any CPU
		{41F2B048-E634-4A06-8EFC-910025E643BF}.Debug|Any CPU.Build.0 = Debug|Any CPU
		{41F2B048-E634-4A06-8EFC-910025E643BF}.Debug|x64.ActiveCfg = Debug|Any CPU
		{41F2B048-E634-4A06-8EFC-910025E643BF}.Debug|x64.Build.0 = Debug|Any CPU
		{41F2B048-E634-4A06-8EFC-910025E643BF}.Debug|x86.ActiveCfg = Debug|Any CPU
		{41F2B048-E634-4A06-8EFC-910025E643BF}.Debug|x86.Build.0 = Debug|Any CPU
		{41F2B048-E634-4A06-8EFC-910025E643BF}.Release|Any CPU.ActiveCfg = Release|Any CPU
		{41F2B048-E634-4A06-8EFC-910025E643BF}.Release|Any CPU.Build.0 = Release|Any CPU
		{41F2B048-E634-4A06-8EFC-910025E643BF}.Release|x64.ActiveCfg = Release|Any CPU
		{41F2B048-E634-4A06-8EFC-910025E643BF}.Release|x64.Build.0 = Release|Any CPU
		{41F2B048-E634-4A06-8EFC-910025E643BF}.Release|x86.ActiveCfg = Release|Any CPU
		{41F2B048-E634-4A06-8EFC-910025E643BF}.Release|x86.Build.0 = Release|Any CPU
		{7F7B719E-8C60-4B0A-ABCB-3B5A63FC825A}.Debug|Any CPU.ActiveCfg = Debug|Any CPU
		{7F7B719E-8C60-4B0A-ABCB-3B5A63FC825A}.Debug|Any CPU.Build.0 = Debug|Any CPU
		{7F7B719E-8C60-4B0A-ABCB-3B5A63FC825A}.Debug|x64.ActiveCfg = Debug|Any CPU
		{7F7B719E-8C60-4B0A-ABCB-3B5A63FC825A}.Debug|x64.Build.0 = Debug|Any CPU
		{7F7B719E-8C60-4B0A-ABCB-3B5A63FC825A}.Debug|x86.ActiveCfg = Debug|Any CPU
		{7F7B719E-8C60-4B0A-ABCB-3B5A63FC825A}.Debug|x86.Build.0 = Debug|Any CPU
		{7F7B719E-8C60-4B0A-ABCB-3B5A63FC825A}.Release|Any CPU.ActiveCfg = Release|Any CPU
		{7F7B719E-8C60-4B0A-ABCB-3B5A63FC825A}.Release|Any CPU.Build.0 = Release|Any CPU
		{7F7B719E-8C60-4B0A-ABCB-3B5A63FC825A}.Release|x64.ActiveCfg = Release|Any CPU
		{7F7B719E-8C60-4B0A-ABCB-3B5A63FC825A}.Release|x64.Build.0 = Release|Any CPU
		{7F7B719E-8C60-4B0A-ABCB-3B5A63FC825A}.Release|x86.ActiveCfg = Release|Any CPU
		{7F7B719E-8C60-4B0A-ABCB-3B5A63FC825A}.Release|x86.Build.0 = Release|Any CPU
		{E229776B-37BD-46E0-A4A5-4E8761FD5529}.Debug|Any CPU.ActiveCfg = Debug|Any CPU
		{E229776B-37BD-46E0-A4A5-4E8761FD5529}.Debug|Any CPU.Build.0 = Debug|Any CPU
		{E229776B-37BD-46E0-A4A5-4E8761FD5529}.Debug|x64.ActiveCfg = Debug|Any CPU
		{E229776B-37BD-46E0-A4A5-4E8761FD5529}.Debug|x64.Build.0 = Debug|Any CPU
		{E229776B-37BD-46E0-A4A5-4E8761FD5529}.Debug|x86.ActiveCfg = Debug|Any CPU
		{E229776B-37BD-46E0-A4A5-4E8761FD5529}.Debug|x86.Build.0 = Debug|Any CPU
		{E229776B-37BD-46E0-A4A5-4E8761FD5529}.Release|Any CPU.ActiveCfg = Release|Any CPU
		{E229776B-37BD-46E0-A4A5-4E8761FD5529}.Release|Any CPU.Build.0 = Release|Any CPU
		{E229776B-37BD-46E0-A4A5-4E8761FD5529}.Release|x64.ActiveCfg = Release|Any CPU
		{E229776B-37BD-46E0-A4A5-4E8761FD5529}.Release|x64.Build.0 = Release|Any CPU
		{E229776B-37BD-46E0-A4A5-4E8761FD5529}.Release|x86.ActiveCfg = Release|Any CPU
		{E229776B-37BD-46E0-A4A5-4E8761FD5529}.Release|x86.Build.0 = Release|Any CPU
		{82E60865-9E8D-4E23-BA57-877CA194D957}.Debug|Any CPU.ActiveCfg = Debug|Any CPU
		{82E60865-9E8D-4E23-BA57-877CA194D957}.Debug|Any CPU.Build.0 = Debug|Any CPU
		{82E60865-9E8D-4E23-BA57-877CA194D957}.Debug|x64.ActiveCfg = Debug|Any CPU
		{82E60865-9E8D-4E23-BA57-877CA194D957}.Debug|x64.Build.0 = Debug|Any CPU
		{82E60865-9E8D-4E23-BA57-877CA194D957}.Debug|x86.ActiveCfg = Debug|Any CPU
		{82E60865-9E8D-4E23-BA57-877CA194D957}.Debug|x86.Build.0 = Debug|Any CPU
		{82E60865-9E8D-4E23-BA57-877CA194D957}.Release|Any CPU.ActiveCfg = Release|Any CPU
		{82E60865-9E8D-4E23-BA57-877CA194D957}.Release|Any CPU.Build.0 = Release|Any CPU
		{82E60865-9E8D-4E23-BA57-877CA194D957}.Release|x64.ActiveCfg = Release|Any CPU
		{82E60865-9E8D-4E23-BA57-877CA194D957}.Release|x64.Build.0 = Release|Any CPU
		{82E60865-9E8D-4E23-BA57-877CA194D957}.Release|x86.ActiveCfg = Release|Any CPU
		{82E60865-9E8D-4E23-BA57-877CA194D957}.Release|x86.Build.0 = Release|Any CPU
		{6CE23749-DA91-48E5-ADF4-52E7BBD7E06F}.Debug|Any CPU.ActiveCfg = Debug|Any CPU
		{6CE23749-DA91-48E5-ADF4-52E7BBD7E06F}.Debug|Any CPU.Build.0 = Debug|Any CPU
		{6CE23749-DA91-48E5-ADF4-52E7BBD7E06F}.Debug|x64.ActiveCfg = Debug|Any CPU
		{6CE23749-DA91-48E5-ADF4-52E7BBD7E06F}.Debug|x64.Build.0 = Debug|Any CPU
		{6CE23749-DA91-48E5-ADF4-52E7BBD7E06F}.Debug|x86.ActiveCfg = Debug|Any CPU
		{6CE23749-DA91-48E5-ADF4-52E7BBD7E06F}.Debug|x86.Build.0 = Debug|Any CPU
		{6CE23749-DA91-48E5-ADF4-52E7BBD7E06F}.Release|Any CPU.ActiveCfg = Release|Any CPU
		{6CE23749-DA91-48E5-ADF4-52E7BBD7E06F}.Release|Any CPU.Build.0 = Release|Any CPU
		{6CE23749-DA91-48E5-ADF4-52E7BBD7E06F}.Release|x64.ActiveCfg = Release|Any CPU
		{6CE23749-DA91-48E5-ADF4-52E7BBD7E06F}.Release|x64.Build.0 = Release|Any CPU
		{6CE23749-DA91-48E5-ADF4-52E7BBD7E06F}.Release|x86.ActiveCfg = Release|Any CPU
		{6CE23749-DA91-48E5-ADF4-52E7BBD7E06F}.Release|x86.Build.0 = Release|Any CPU
		{BE89074B-7155-47E9-A44E-CB571816487D}.Debug|Any CPU.ActiveCfg = Debug|Any CPU
		{BE89074B-7155-47E9-A44E-CB571816487D}.Debug|Any CPU.Build.0 = Debug|Any CPU
		{BE89074B-7155-47E9-A44E-CB571816487D}.Debug|x64.ActiveCfg = Debug|Any CPU
		{BE89074B-7155-47E9-A44E-CB571816487D}.Debug|x64.Build.0 = Debug|Any CPU
		{BE89074B-7155-47E9-A44E-CB571816487D}.Debug|x86.ActiveCfg = Debug|Any CPU
		{BE89074B-7155-47E9-A44E-CB571816487D}.Debug|x86.Build.0 = Debug|Any CPU
		{BE89074B-7155-47E9-A44E-CB571816487D}.Release|Any CPU.ActiveCfg = Release|Any CPU
		{BE89074B-7155-47E9-A44E-CB571816487D}.Release|Any CPU.Build.0 = Release|Any CPU
		{BE89074B-7155-47E9-A44E-CB571816487D}.Release|x64.ActiveCfg = Release|Any CPU
		{BE89074B-7155-47E9-A44E-CB571816487D}.Release|x64.Build.0 = Release|Any CPU
		{BE89074B-7155-47E9-A44E-CB571816487D}.Release|x86.ActiveCfg = Release|Any CPU
		{BE89074B-7155-47E9-A44E-CB571816487D}.Release|x86.Build.0 = Release|Any CPU
		{81DDED9D-158B-E303-5F62-77A2896D2A5A}.Debug|Any CPU.ActiveCfg = Debug|Any CPU
		{81DDED9D-158B-E303-5F62-77A2896D2A5A}.Debug|Any CPU.Build.0 = Debug|Any CPU
		{81DDED9D-158B-E303-5F62-77A2896D2A5A}.Debug|x64.ActiveCfg = Debug|x64
		{81DDED9D-158B-E303-5F62-77A2896D2A5A}.Debug|x86.ActiveCfg = Debug|x86
		{81DDED9D-158B-E303-5F62-77A2896D2A5A}.Release|Any CPU.ActiveCfg = Release|Any CPU
		{81DDED9D-158B-E303-5F62-77A2896D2A5A}.Release|Any CPU.Build.0 = Release|Any CPU
		{81DDED9D-158B-E303-5F62-77A2896D2A5A}.Release|x64.ActiveCfg = Release|x64
		{81DDED9D-158B-E303-5F62-77A2896D2A5A}.Release|x86.ActiveCfg = Release|x86
		{8518A78C-0567-49BC-A462-7E6EE0768E23}.Debug|Any CPU.ActiveCfg = Debug|Any CPU
		{8518A78C-0567-49BC-A462-7E6EE0768E23}.Debug|Any CPU.Build.0 = Debug|Any CPU
		{8518A78C-0567-49BC-A462-7E6EE0768E23}.Debug|x64.ActiveCfg = Debug|Any CPU
		{8518A78C-0567-49BC-A462-7E6EE0768E23}.Debug|x64.Build.0 = Debug|Any CPU
		{8518A78C-0567-49BC-A462-7E6EE0768E23}.Debug|x86.ActiveCfg = Debug|Any CPU
		{8518A78C-0567-49BC-A462-7E6EE0768E23}.Debug|x86.Build.0 = Debug|Any CPU
		{8518A78C-0567-49BC-A462-7E6EE0768E23}.Release|Any CPU.ActiveCfg = Release|Any CPU
		{8518A78C-0567-49BC-A462-7E6EE0768E23}.Release|Any CPU.Build.0 = Release|Any CPU
		{8518A78C-0567-49BC-A462-7E6EE0768E23}.Release|x64.ActiveCfg = Release|Any CPU
		{8518A78C-0567-49BC-A462-7E6EE0768E23}.Release|x64.Build.0 = Release|Any CPU
		{8518A78C-0567-49BC-A462-7E6EE0768E23}.Release|x86.ActiveCfg = Release|Any CPU
		{8518A78C-0567-49BC-A462-7E6EE0768E23}.Release|x86.Build.0 = Release|Any CPU
		{9576B958-B7DD-41EA-960F-E6AF083F4E9A}.Debug|Any CPU.ActiveCfg = Debug|Any CPU
		{9576B958-B7DD-41EA-960F-E6AF083F4E9A}.Debug|Any CPU.Build.0 = Debug|Any CPU
		{9576B958-B7DD-41EA-960F-E6AF083F4E9A}.Debug|x64.ActiveCfg = Debug|Any CPU
		{9576B958-B7DD-41EA-960F-E6AF083F4E9A}.Debug|x64.Build.0 = Debug|Any CPU
		{9576B958-B7DD-41EA-960F-E6AF083F4E9A}.Debug|x86.ActiveCfg = Debug|Any CPU
		{9576B958-B7DD-41EA-960F-E6AF083F4E9A}.Debug|x86.Build.0 = Debug|Any CPU
		{9576B958-B7DD-41EA-960F-E6AF083F4E9A}.Release|Any CPU.ActiveCfg = Release|Any CPU
		{9576B958-B7DD-41EA-960F-E6AF083F4E9A}.Release|Any CPU.Build.0 = Release|Any CPU
		{9576B958-B7DD-41EA-960F-E6AF083F4E9A}.Release|x64.ActiveCfg = Release|Any CPU
		{9576B958-B7DD-41EA-960F-E6AF083F4E9A}.Release|x64.Build.0 = Release|Any CPU
		{9576B958-B7DD-41EA-960F-E6AF083F4E9A}.Release|x86.ActiveCfg = Release|Any CPU
		{9576B958-B7DD-41EA-960F-E6AF083F4E9A}.Release|x86.Build.0 = Release|Any CPU
		{D9AD5F3A-F1B1-4F3C-9F15-9C5AC8828CD2}.Debug|Any CPU.ActiveCfg = Debug|Any CPU
		{D9AD5F3A-F1B1-4F3C-9F15-9C5AC8828CD2}.Debug|Any CPU.Build.0 = Debug|Any CPU
		{D9AD5F3A-F1B1-4F3C-9F15-9C5AC8828CD2}.Debug|x64.ActiveCfg = Debug|Any CPU
		{D9AD5F3A-F1B1-4F3C-9F15-9C5AC8828CD2}.Debug|x64.Build.0 = Debug|Any CPU
		{D9AD5F3A-F1B1-4F3C-9F15-9C5AC8828CD2}.Debug|x86.ActiveCfg = Debug|Any CPU
		{D9AD5F3A-F1B1-4F3C-9F15-9C5AC8828CD2}.Debug|x86.Build.0 = Debug|Any CPU
		{D9AD5F3A-F1B1-4F3C-9F15-9C5AC8828CD2}.Release|Any CPU.ActiveCfg = Release|Any CPU
		{D9AD5F3A-F1B1-4F3C-9F15-9C5AC8828CD2}.Release|Any CPU.Build.0 = Release|Any CPU
		{D9AD5F3A-F1B1-4F3C-9F15-9C5AC8828CD2}.Release|x64.ActiveCfg = Release|Any CPU
		{D9AD5F3A-F1B1-4F3C-9F15-9C5AC8828CD2}.Release|x64.Build.0 = Release|Any CPU
		{D9AD5F3A-F1B1-4F3C-9F15-9C5AC8828CD2}.Release|x86.ActiveCfg = Release|Any CPU
		{D9AD5F3A-F1B1-4F3C-9F15-9C5AC8828CD2}.Release|x86.Build.0 = Release|Any CPU
	EndGlobalSection
	GlobalSection(SolutionProperties) = preSolution
		HideSolutionNode = FALSE
	EndGlobalSection
	GlobalSection(NestedProjects) = preSolution
		{F3776FF5-4430-4CF8-9ABB-5C9DECF21CD4} = {02EA681E-C7D8-13C7-8484-4AC65E1B71E8}
		{430232F7-4AD6-4482-8D3C-8D089DF75F81} = {466F5217-AAD3-4FE5-97F4-0DC557EB7F56}
		{466F5217-AAD3-4FE5-97F4-0DC557EB7F56} = {02EA681E-C7D8-13C7-8484-4AC65E1B71E8}
		{28C586A4-61F4-4382-B6E6-88B81A59AE07} = {F3776FF5-4430-4CF8-9ABB-5C9DECF21CD4}
		{1E172455-A675-47E0-82DE-E0617420E1DE} = {430232F7-4AD6-4482-8D3C-8D089DF75F81}
		{84AA5287-6A8F-4E8E-B5D9-E5106575D53D} = {466F5217-AAD3-4FE5-97F4-0DC557EB7F56}
		{41F2B048-E634-4A06-8EFC-910025E643BF} = {84AA5287-6A8F-4E8E-B5D9-E5106575D53D}
		{7F7B719E-8C60-4B0A-ABCB-3B5A63FC825A} = {430232F7-4AD6-4482-8D3C-8D089DF75F81}
		{E229776B-37BD-46E0-A4A5-4E8761FD5529} = {430232F7-4AD6-4482-8D3C-8D089DF75F81}
		{158FC0FD-887E-4868-B3B3-2941A47809B6} = {02EA681E-C7D8-13C7-8484-4AC65E1B71E8}
		{82E60865-9E8D-4E23-BA57-877CA194D957} = {158FC0FD-887E-4868-B3B3-2941A47809B6}
		{6CE23749-DA91-48E5-ADF4-52E7BBD7E06F} = {02EA681E-C7D8-13C7-8484-4AC65E1B71E8}
		{FD6B7D3F-962F-4E71-ACA3-0FA4070BEF3F} = {02EA681E-C7D8-13C7-8484-4AC65E1B71E8}
		{BE89074B-7155-47E9-A44E-CB571816487D} = {FD6B7D3F-962F-4E71-ACA3-0FA4070BEF3F}
		{5B65CC1D-62B5-1318-311E-5B65F0ABBF8E} = {466F5217-AAD3-4FE5-97F4-0DC557EB7F56}
		{8518A78C-0567-49BC-A462-7E6EE0768E23} = {5B65CC1D-62B5-1318-311E-5B65F0ABBF8E}
		{9576B958-B7DD-41EA-960F-E6AF083F4E9A} = {5B65CC1D-62B5-1318-311E-5B65F0ABBF8E}
		{D9AD5F3A-F1B1-4F3C-9F15-9C5AC8828CD2} = {5B65CC1D-62B5-1318-311E-5B65F0ABBF8E}
	EndGlobalSection
	GlobalSection(ExtensibilityGlobals) = postSolution
		SolutionGuid = {C36B8C87-9FBE-4BD1-90C8-528C84C88A6E}
	EndGlobalSection
EndGlobal
